
Microsoft Visual Studio Solution File, Format Version 12.00
# Visual Studio 15
VisualStudioVersion = 15.0.27130.2036
MinimumVisualStudioVersion = 10.0.40219.1
Project("{9A19103F-16F7-4668-BE54-9A1E7A4F7556}") = "ContactDetailsServiceA", "ContactDetailsServiceA\ContactDetailsServiceA.csproj", "{1BCCD301-187F-416F-8D3D-E5A8D45CDD96}"
EndProject
Project("{FAE04EC0-301F-11D3-BF4B-00C04F79EFBC}") = "ContactDetailsServiceA_IntegrationTests", "ContactDetailsServiceA_IntegrationTests\ContactDetailsServiceA_IntegrationTests.csproj", "{5597EF8F-10F6-4BCE-8981-CFBDAB1CDBA6}"
EndProject
Global
	GlobalSection(SolutionConfigurationPlatforms) = preSolution
		Debug|Any CPU = Debug|Any CPU
		Release|Any CPU = Release|Any CPU
	EndGlobalSection
	GlobalSection(ProjectConfigurationPlatforms) = postSolution
		{1BCCD301-187F-416F-8D3D-E5A8D45CDD96}.Debug|Any CPU.ActiveCfg = Debug|Any CPU
		{1BCCD301-187F-416F-8D3D-E5A8D45CDD96}.Debug|Any CPU.Build.0 = Debug|Any CPU
		{1BCCD301-187F-416F-8D3D-E5A8D45CDD96}.Release|Any CPU.ActiveCfg = Release|Any CPU
		{1BCCD301-187F-416F-8D3D-E5A8D45CDD96}.Release|Any CPU.Build.0 = Release|Any CPU
		{5597EF8F-10F6-4BCE-8981-CFBDAB1CDBA6}.Debug|Any CPU.ActiveCfg = Debug|Any CPU
		{5597EF8F-10F6-4BCE-8981-CFBDAB1CDBA6}.Debug|Any CPU.Build.0 = Debug|Any CPU
		{5597EF8F-10F6-4BCE-8981-CFBDAB1CDBA6}.Release|Any CPU.ActiveCfg = Release|Any CPU
		{5597EF8F-10F6-4BCE-8981-CFBDAB1CDBA6}.Release|Any CPU.Build.0 = Release|Any CPU
	EndGlobalSection
	GlobalSection(SolutionProperties) = preSolution
		HideSolutionNode = FALSE
	EndGlobalSection
	GlobalSection(ExtensibilityGlobals) = postSolution
		SolutionGuid = {447863D5-CAAA-4FB0-9FDC-F28DD2E7BD48}
	EndGlobalSection
EndGlobal
